
Microsoft Visual Studio Solution File, Format Version 12.00
# Visual Studio 15
VisualStudioVersion = 15.0.28307.1259
MinimumVisualStudioVersion = 10.0.40219.1
Project("{8BC9CEB8-8B4A-11D0-8D11-00A0C91BC942}") = "HW", "HW\HW.vcxproj", "{F011EB4B-3F2A-4CAB-900E-8EE6F8D88477}"
EndProject
Global
	GlobalSection(SolutionConfigurationPlatforms) = preSolution
		Debug|x64 = Debug|x64
		Debug|x86 = Debug|x86
		Release|x64 = Release|x64
		Release|x86 = Release|x86
	EndGlobalSection
	GlobalSection(ProjectConfigurationPlatforms) = postSolution
		{F011EB4B-3F2A-4CAB-900E-8EE6F8D88477}.Debug|x64.ActiveCfg = Debug|x64
		{F011EB4B-3F2A-4CAB-900E-8EE6F8D88477}.Debug|x64.Build.0 = Debug|x64
		{F011EB4B-3F2A-4CAB-900E-8EE6F8D88477}.Debug|x86.ActiveCfg = Debug|Win32
		{F011EB4B-3F2A-4CAB-900E-8EE6F8D88477}.Debug|x86.Build.0 = Debug|Win32
		{F011EB4B-3F2A-4CAB-900E-8EE6F8D88477}.Release|x64.ActiveCfg = Release|x64
		{F011EB4B-3F2A-4CAB-900E-8EE6F8D88477}.Release|x64.Build.0 = Release|x64
		{F011EB4B-3F2A-4CAB-900E-8EE6F8D88477}.Release|x86.ActiveCfg = Release|Win32
		{F011EB4B-3F2A-4CAB-900E-8EE6F8D88477}.Release|x86.Build.0 = Release|Win32
	EndGlobalSection
	GlobalSection(SolutionProperties) = preSolution
		HideSolutionNode = FALSE
	EndGlobalSection
	GlobalSection(ExtensibilityGlobals) = postSolution
		SolutionGuid = {65D23F67-A9F8-4D15-86B1-343DE3978E37}
	EndGlobalSection
EndGlobal
