
Microsoft Visual Studio Solution File, Format Version 12.00
# Visual Studio 15
VisualStudioVersion = 15.0.28307.1259
MinimumVisualStudioVersion = 10.0.40219.1
Project("{8BC9CEB8-8B4A-11D0-8D11-00A0C91BC942}") = "WH", "WH\WH.vcxproj", "{FE4581C9-9962-4875-B824-54F1EDAF60E6}"
EndProject
Global
	GlobalSection(SolutionConfigurationPlatforms) = preSolution
		Debug|x64 = Debug|x64
		Debug|x86 = Debug|x86
		Release|x64 = Release|x64
		Release|x86 = Release|x86
	EndGlobalSection
	GlobalSection(ProjectConfigurationPlatforms) = postSolution
		{FE4581C9-9962-4875-B824-54F1EDAF60E6}.Debug|x64.ActiveCfg = Debug|x64
		{FE4581C9-9962-4875-B824-54F1EDAF60E6}.Debug|x64.Build.0 = Debug|x64
		{FE4581C9-9962-4875-B824-54F1EDAF60E6}.Debug|x86.ActiveCfg = Debug|Win32
		{FE4581C9-9962-4875-B824-54F1EDAF60E6}.Debug|x86.Build.0 = Debug|Win32
		{FE4581C9-9962-4875-B824-54F1EDAF60E6}.Release|x64.ActiveCfg = Release|x64
		{FE4581C9-9962-4875-B824-54F1EDAF60E6}.Release|x64.Build.0 = Release|x64
		{FE4581C9-9962-4875-B824-54F1EDAF60E6}.Release|x86.ActiveCfg = Release|Win32
		{FE4581C9-9962-4875-B824-54F1EDAF60E6}.Release|x86.Build.0 = Release|Win32
	EndGlobalSection
	GlobalSection(SolutionProperties) = preSolution
		HideSolutionNode = FALSE
	EndGlobalSection
	GlobalSection(ExtensibilityGlobals) = postSolution
		SolutionGuid = {5BB7EA86-9A6B-4D7B-868D-3FF4E772DADB}
	EndGlobalSection
EndGlobal
